
Microsoft Visual Studio Solution File, Format Version 12.00
# Visual Studio Version 17
VisualStudioVersion = 17.12.35527.113 d17.12
MinimumVisualStudioVersion = 10.0.40219.1
Project("{FAE04EC0-301F-11D3-BF4B-00C04F79EFBC}") = "Ecommerce.API", "Ecommerce.API\Ecommerce.API.csproj", "{EA743496-1019-4579-AC50-500A21D1B3F6}"
EndProject
Project("{FAE04EC0-301F-11D3-BF4B-00C04F79EFBC}") = "Ecommerce.Infrastructure", "Ecommerce.Infrastructure\Ecommerce.Infrastructure.csproj", "{95F7FA09-A600-473C-8C1D-A49A31D9912B}"
EndProject
Project("{FAE04EC0-301F-11D3-BF4B-00C04F79EFBC}") = "Ecommerce.Domain", "Ecommerce.Domain\Ecommerce.Domain.csproj", "{1120EF4D-4662-4C81-8DEE-44326BBA54B6}"
EndProject
Project("{FAE04EC0-301F-11D3-BF4B-00C04F79EFBC}") = "Application", "Application\Application.csproj", "{239CEE4F-55E7-4680-B0EA-446E7CB3D1F8}"
EndProject
Global
	GlobalSection(SolutionConfigurationPlatforms) = preSolution
		Debug|Any CPU = Debug|Any CPU
		Release|Any CPU = Release|Any CPU
	EndGlobalSection
	GlobalSection(ProjectConfigurationPlatforms) = postSolution
		{EA743496-1019-4579-AC50-500A21D1B3F6}.Debug|Any CPU.ActiveCfg = Debug|Any CPU
		{EA743496-1019-4579-AC50-500A21D1B3F6}.Debug|Any CPU.Build.0 = Debug|Any CPU
		{EA743496-1019-4579-AC50-500A21D1B3F6}.Release|Any CPU.ActiveCfg = Release|Any CPU
		{EA743496-1019-4579-AC50-500A21D1B3F6}.Release|Any CPU.Build.0 = Release|Any CPU
		{95F7FA09-A600-473C-8C1D-A49A31D9912B}.Debug|Any CPU.ActiveCfg = Debug|Any CPU
		{95F7FA09-A600-473C-8C1D-A49A31D9912B}.Debug|Any CPU.Build.0 = Debug|Any CPU
		{95F7FA09-A600-473C-8C1D-A49A31D9912B}.Release|Any CPU.ActiveCfg = Release|Any CPU
		{95F7FA09-A600-473C-8C1D-A49A31D9912B}.Release|Any CPU.Build.0 = Release|Any CPU
		{1120EF4D-4662-4C81-8DEE-44326BBA54B6}.Debug|Any CPU.ActiveCfg = Debug|Any CPU
		{1120EF4D-4662-4C81-8DEE-44326BBA54B6}.Debug|Any CPU.Build.0 = Debug|Any CPU
		{1120EF4D-4662-4C81-8DEE-44326BBA54B6}.Release|Any CPU.ActiveCfg = Release|Any CPU
		{1120EF4D-4662-4C81-8DEE-44326BBA54B6}.Release|Any CPU.Build.0 = Release|Any CPU
		{239CEE4F-55E7-4680-B0EA-446E7CB3D1F8}.Debug|Any CPU.ActiveCfg = Debug|Any CPU
		{239CEE4F-55E7-4680-B0EA-446E7CB3D1F8}.Debug|Any CPU.Build.0 = Debug|Any CPU
		{239CEE4F-55E7-4680-B0EA-446E7CB3D1F8}.Release|Any CPU.ActiveCfg = Release|Any CPU
		{239CEE4F-55E7-4680-B0EA-446E7CB3D1F8}.Release|Any CPU.Build.0 = Release|Any CPU
	EndGlobalSection
	GlobalSection(SolutionProperties) = preSolution
		HideSolutionNode = FALSE
	EndGlobalSection
EndGlobal
